// !$*UTF8*$!
{
	archiveVersion = 1;
	classes = {
	};
	objectVersion = 51;
	objects = {

/* Begin PBXBuildFile section */
		4DA00AF16FCCA1B0C86BA708 /* Pods_UnsplashPhoto.framework in Frameworks */ = {isa = PBXBuildFile; fileRef = BF5CA8699D6C13224C341D60 /* Pods_UnsplashPhoto.framework */; };
		D4FD6AD3275DDD2A00E115A6 /* AppDelegate.swift in Sources */ = {isa = PBXBuildFile; fileRef = D4FD6AD2275DDD2A00E115A6 /* AppDelegate.swift */; };
		D4FD6AD5275DDD2A00E115A6 /* SceneDelegate.swift in Sources */ = {isa = PBXBuildFile; fileRef = D4FD6AD4275DDD2A00E115A6 /* SceneDelegate.swift */; };
		D4FD6AD7275DDD2A00E115A6 /* ViewController.swift in Sources */ = {isa = PBXBuildFile; fileRef = D4FD6AD6275DDD2A00E115A6 /* ViewController.swift */; };
		D4FD6ADC275DDD2C00E115A6 /* Assets.xcassets in Resources */ = {isa = PBXBuildFile; fileRef = D4FD6ADB275DDD2C00E115A6 /* Assets.xcassets */; };
		D4FD6ADF275DDD2C00E115A6 /* LaunchScreen.storyboard in Resources */ = {isa = PBXBuildFile; fileRef = D4FD6ADD275DDD2C00E115A6 /* LaunchScreen.storyboard */; };
/* End PBXBuildFile section */

/* Begin PBXFileReference section */
		9C17220FF0D90FDC5314A72D /* Pods-UnsplashPhoto.debug.xcconfig */ = {isa = PBXFileReference; includeInIndex = 1; lastKnownFileType = text.xcconfig; name = "Pods-UnsplashPhoto.debug.xcconfig"; path = "Target Support Files/Pods-UnsplashPhoto/Pods-UnsplashPhoto.debug.xcconfig"; sourceTree = "<group>"; };
		BF5CA8699D6C13224C341D60 /* Pods_UnsplashPhoto.framework */ = {isa = PBXFileReference; explicitFileType = wrapper.framework; includeInIndex = 0; path = Pods_UnsplashPhoto.framework; sourceTree = BUILT_PRODUCTS_DIR; };
		CCD5B6BAC76E1D208318090A /* Pods-UnsplashPhoto.release.xcconfig */ = {isa = PBXFileReference; includeInIndex = 1; lastKnownFileType = text.xcconfig; name = "Pods-UnsplashPhoto.release.xcconfig"; path = "Target Support Files/Pods-UnsplashPhoto/Pods-UnsplashPhoto.release.xcconfig"; sourceTree = "<group>"; };
		D4FD6ACF275DDD2A00E115A6 /* UnsplashPhoto.app */ = {isa = PBXFileReference; explicitFileType = wrapper.application; includeInIndex = 0; path = UnsplashPhoto.app; sourceTree = BUILT_PRODUCTS_DIR; };
		D4FD6AD2275DDD2A00E115A6 /* AppDelegate.swift */ = {isa = PBXFileReference; lastKnownFileType = sourcecode.swift; path = AppDelegate.swift; sourceTree = "<group>"; };
		D4FD6AD4275DDD2A00E115A6 /* SceneDelegate.swift */ = {isa = PBXFileReference; lastKnownFileType = sourcecode.swift; path = SceneDelegate.swift; sourceTree = "<group>"; };
		D4FD6AD6275DDD2A00E115A6 /* ViewController.swift */ = {isa = PBXFileReference; lastKnownFileType = sourcecode.swift; path = ViewController.swift; sourceTree = "<group>"; };
		D4FD6ADB275DDD2C00E115A6 /* Assets.xcassets */ = {isa = PBXFileReference; lastKnownFileType = folder.assetcatalog; path = Assets.xcassets; sourceTree = "<group>"; };
		D4FD6ADE275DDD2C00E115A6 /* Base */ = {isa = PBXFileReference; lastKnownFileType = file.storyboard; name = Base; path = Base.lproj/LaunchScreen.storyboard; sourceTree = "<group>"; };
		D4FD6AE0275DDD2C00E115A6 /* Info.plist */ = {isa = PBXFileReference; lastKnownFileType = text.plist.xml; path = Info.plist; sourceTree = "<group>"; };
/* End PBXFileReference section */

/* Begin PBXFrameworksBuildPhase section */
		D4FD6ACC275DDD2A00E115A6 /* Frameworks */ = {
			isa = PBXFrameworksBuildPhase;
			buildActionMask = 2147483647;
			files = (
				4DA00AF16FCCA1B0C86BA708 /* Pods_UnsplashPhoto.framework in Frameworks */,
			);
			runOnlyForDeploymentPostprocessing = 0;
		};
/* End PBXFrameworksBuildPhase section */

/* Begin PBXGroup section */
		37A9F677010FFF258B35E655 /* Pods */ = {
			isa = PBXGroup;
			children = (
				9C17220FF0D90FDC5314A72D /* Pods-UnsplashPhoto.debug.xcconfig */,
				CCD5B6BAC76E1D208318090A /* Pods-UnsplashPhoto.release.xcconfig */,
			);
			path = Pods;
			sourceTree = "<group>";
		};
		5D8FF15B10C955B84A74A0CB /* Frameworks */ = {
			isa = PBXGroup;
			children = (
				BF5CA8699D6C13224C341D60 /* Pods_UnsplashPhoto.framework */,
			);
			name = Frameworks;
			sourceTree = "<group>";
		};
		D4D5DFD7275DF34100314F2E /* Controller */ = {
			isa = PBXGroup;
			children = (
			);
			path = Controller;
			sourceTree = "<group>";
		};
		D4D5DFD8275DF34D00314F2E /* Model */ = {
			isa = PBXGroup;
			children = (
			);
			path = Model;
			sourceTree = "<group>";
		};
		D4D5DFD9275DF35A00314F2E /* ViewModel */ = {
			isa = PBXGroup;
			children = (
			);
			path = ViewModel;
			sourceTree = "<group>";
		};
		D4D5DFDA275DF47100314F2E /* View */ = {
			isa = PBXGroup;
			children = (
			);
			path = View;
			sourceTree = "<group>";
		};
		D4FD6AC6275DDD2A00E115A6 = {
			isa = PBXGroup;
			children = (
				D4FD6AD1275DDD2A00E115A6 /* UnsplashPhoto */,
				D4FD6AD0275DDD2A00E115A6 /* Products */,
				37A9F677010FFF258B35E655 /* Pods */,
				5D8FF15B10C955B84A74A0CB /* Frameworks */,
			);
			sourceTree = "<group>";
		};
		D4FD6AD0275DDD2A00E115A6 /* Products */ = {
			isa = PBXGroup;
			children = (
				D4FD6ACF275DDD2A00E115A6 /* UnsplashPhoto.app */,
			);
			name = Products;
			sourceTree = "<group>";
		};
		D4FD6AD1275DDD2A00E115A6 /* UnsplashPhoto */ = {
			isa = PBXGroup;
			children = (
				D4D5DFD8275DF34D00314F2E /* Model */,
				D4D5DFDA275DF47100314F2E /* View */,
				D4D5DFD9275DF35A00314F2E /* ViewModel */,
				D4D5DFD7275DF34100314F2E /* Controller */,
				D4FD6AD6275DDD2A00E115A6 /* ViewController.swift */,
				D4FD6AD2275DDD2A00E115A6 /* AppDelegate.swift */,
				D4FD6AD4275DDD2A00E115A6 /* SceneDelegate.swift */,
				D4FD6ADB275DDD2C00E115A6 /* Assets.xcassets */,
				D4FD6ADD275DDD2C00E115A6 /* LaunchScreen.storyboard */,
				D4FD6AE0275DDD2C00E115A6 /* Info.plist */,
			);
			path = UnsplashPhoto;
			sourceTree = "<group>";
		};
/* End PBXGroup section */

/* Begin PBXNativeTarget section */
		D4FD6ACE275DDD2A00E115A6 /* UnsplashPhoto */ = {
			isa = PBXNativeTarget;
			buildConfigurationList = D4FD6AE3275DDD2C00E115A6 /* Build configuration list for PBXNativeTarget "UnsplashPhoto" */;
			buildPhases = (
				91CE965A6DD0FA76B904C401 /* [CP] Check Pods Manifest.lock */,
				D4FD6ACB275DDD2A00E115A6 /* Sources */,
				D4FD6ACC275DDD2A00E115A6 /* Frameworks */,
				D4FD6ACD275DDD2A00E115A6 /* Resources */,
				F42F3EA88040DB2D4CCA345E /* [CP] Embed Pods Frameworks */,
			);
			buildRules = (
			);
			dependencies = (
			);
			name = UnsplashPhoto;
			productName = UnsplashPhoto;
			productReference = D4FD6ACF275DDD2A00E115A6 /* UnsplashPhoto.app */;
			productType = "com.apple.product-type.application";
		};
/* End PBXNativeTarget section */

/* Begin PBXProject section */
		D4FD6AC7275DDD2A00E115A6 /* Project object */ = {
			isa = PBXProject;
			attributes = {
				LastSwiftUpdateCheck = 1250;
				LastUpgradeCheck = 1250;
				TargetAttributes = {
					D4FD6ACE275DDD2A00E115A6 = {
						CreatedOnToolsVersion = 12.5;
					};
				};
			};
			buildConfigurationList = D4FD6ACA275DDD2A00E115A6 /* Build configuration list for PBXProject "UnsplashPhoto" */;
			compatibilityVersion = "Xcode 9.3";
			developmentRegion = en;
			hasScannedForEncodings = 0;
			knownRegions = (
				en,
				Base,
			);
			mainGroup = D4FD6AC6275DDD2A00E115A6;
			productRefGroup = D4FD6AD0275DDD2A00E115A6 /* Products */;
			projectDirPath = "";
			projectRoot = "";
			targets = (
				D4FD6ACE275DDD2A00E115A6 /* UnsplashPhoto */,
			);
		};
/* End PBXProject section */

/* Begin PBXResourcesBuildPhase section */
		D4FD6ACD275DDD2A00E115A6 /* Resources */ = {
			isa = PBXResourcesBuildPhase;
			buildActionMask = 2147483647;
			files = (
				D4FD6ADF275DDD2C00E115A6 /* LaunchScreen.storyboard in Resources */,
				D4FD6ADC275DDD2C00E115A6 /* Assets.xcassets in Resources */,
			);
			runOnlyForDeploymentPostprocessing = 0;
		};
/* End PBXResourcesBuildPhase section */

/* Begin PBXShellScriptBuildPhase section */
		91CE965A6DD0FA76B904C401 /* [CP] Check Pods Manifest.lock */ = {
			isa = PBXShellScriptBuildPhase;
			buildActionMask = 2147483647;
			files = (
			);
			inputFileListPaths = (
			);
			inputPaths = (
				"${PODS_PODFILE_DIR_PATH}/Podfile.lock",
				"${PODS_ROOT}/Manifest.lock",
			);
			name = "[CP] Check Pods Manifest.lock";
			outputFileListPaths = (
			);
			outputPaths = (
				"$(DERIVED_FILE_DIR)/Pods-UnsplashPhoto-checkManifestLockResult.txt",
			);
			runOnlyForDeploymentPostprocessing = 0;
			shellPath = /bin/sh;
			shellScript = "diff \"${PODS_PODFILE_DIR_PATH}/Podfile.lock\" \"${PODS_ROOT}/Manifest.lock\" > /dev/null\nif [ $? != 0 ] ; then\n    # print error to STDERR\n    echo \"error: The sandbox is not in sync with the Podfile.lock. Run 'pod install' or update your CocoaPods installation.\" >&2\n    exit 1\nfi\n# This output is used by Xcode 'outputs' to avoid re-running this script phase.\necho \"SUCCESS\" > \"${SCRIPT_OUTPUT_FILE_0}\"\n";
			showEnvVarsInLog = 0;
		};
		F42F3EA88040DB2D4CCA345E /* [CP] Embed Pods Frameworks */ = {
			isa = PBXShellScriptBuildPhase;
			buildActionMask = 2147483647;
			files = (
			);
			inputFileListPaths = (
				"${PODS_ROOT}/Target Support Files/Pods-UnsplashPhoto/Pods-UnsplashPhoto-frameworks-${CONFIGURATION}-input-files.xcfilelist",
			);
			name = "[CP] Embed Pods Frameworks";
			outputFileListPaths = (
				"${PODS_ROOT}/Target Support Files/Pods-UnsplashPhoto/Pods-UnsplashPhoto-frameworks-${CONFIGURATION}-output-files.xcfilelist",
			);
			runOnlyForDeploymentPostprocessing = 0;
			shellPath = /bin/sh;
			shellScript = "\"${PODS_ROOT}/Target Support Files/Pods-UnsplashPhoto/Pods-UnsplashPhoto-frameworks.sh\"\n";
			showEnvVarsInLog = 0;
		};
/* End PBXShellScriptBuildPhase section */

/* Begin PBXSourcesBuildPhase section */
		D4FD6ACB275DDD2A00E115A6 /* Sources */ = {
			isa = PBXSourcesBuildPhase;
			buildActionMask = 2147483647;
			files = (
				D4FD6AD7275DDD2A00E115A6 /* ViewController.swift in Sources */,
				D4FD6AD3275DDD2A00E115A6 /* AppDelegate.swift in Sources */,
				D4FD6AD5275DDD2A00E115A6 /* SceneDelegate.swift in Sources */,
			);
			runOnlyForDeploymentPostprocessing = 0;
		};
/* End PBXSourcesBuildPhase section */

/* Begin PBXVariantGroup section */
		D4FD6ADD275DDD2C00E115A6 /* LaunchScreen.storyboard */ = {
			isa = PBXVariantGroup;
			children = (
				D4FD6ADE275DDD2C00E115A6 /* Base */,
			);
			name = LaunchScreen.storyboard;
			sourceTree = "<group>";
		};
/* End PBXVariantGroup section */

/* Begin XCBuildConfiguration section */
		D4FD6AE1275DDD2C00E115A6 /* Debug */ = {
			isa = XCBuildConfiguration;
			buildSettings = {
				ALWAYS_SEARCH_USER_PATHS = NO;
				CLANG_ANALYZER_NONNULL = YES;
				CLANG_ANALYZER_NUMBER_OBJECT_CONVERSION = YES_AGGRESSIVE;
				CLANG_CXX_LANGUAGE_STANDARD = "gnu++14";
				CLANG_CXX_LIBRARY = "libc++";
				CLANG_ENABLE_MODULES = YES;
				CLANG_ENABLE_OBJC_ARC = YES;
				CLANG_ENABLE_OBJC_WEAK = YES;
				CLANG_WARN_BLOCK_CAPTURE_AUTORELEASING = YES;
				CLANG_WARN_BOOL_CONVERSION = YES;
				CLANG_WARN_COMMA = YES;
				CLANG_WARN_CONSTANT_CONVERSION = YES;
				CLANG_WARN_DEPRECATED_OBJC_IMPLEMENTATIONS = YES;
				CLANG_WARN_DIRECT_OBJC_ISA_USAGE = YES_ERROR;
				CLANG_WARN_DOCUMENTATION_COMMENTS = YES;
				CLANG_WARN_EMPTY_BODY = YES;
				CLANG_WARN_ENUM_CONVERSION = YES;
				CLANG_WARN_INFINITE_RECURSION = YES;
				CLANG_WARN_INT_CONVERSION = YES;
				CLANG_WARN_NON_LITERAL_NULL_CONVERSION = YES;
				CLANG_WARN_OBJC_IMPLICIT_RETAIN_SELF = YES;
				CLANG_WARN_OBJC_LITERAL_CONVERSION = YES;
				CLANG_WARN_OBJC_ROOT_CLASS = YES_ERROR;
				CLANG_WARN_QUOTED_INCLUDE_IN_FRAMEWORK_HEADER = YES;
				CLANG_WARN_RANGE_LOOP_ANALYSIS = YES;
				CLANG_WARN_STRICT_PROTOTYPES = YES;
				CLANG_WARN_SUSPICIOUS_MOVE = YES;
				CLANG_WARN_UNGUARDED_AVAILABILITY = YES_AGGRESSIVE;
				CLANG_WARN_UNREACHABLE_CODE = YES;
				CLANG_WARN__DUPLICATE_METHOD_MATCH = YES;
				COPY_PHASE_STRIP = NO;
				DEBUG_INFORMATION_FORMAT = dwarf;
				ENABLE_STRICT_OBJC_MSGSEND = YES;
				ENABLE_TESTABILITY = YES;
				GCC_C_LANGUAGE_STANDARD = gnu11;
				GCC_DYNAMIC_NO_PIC = NO;
				GCC_NO_COMMON_BLOCKS = YES;
				GCC_OPTIMIZATION_LEVEL = 0;
				GCC_PREPROCESSOR_DEFINITIONS = (
					"DEBUG=1",
					"$(inherited)",
				);
				GCC_WARN_64_TO_32_BIT_CONVERSION = YES;
				GCC_WARN_ABOUT_RETURN_TYPE = YES_ERROR;
				GCC_WARN_UNDECLARED_SELECTOR = YES;
				GCC_WARN_UNINITIALIZED_AUTOS = YES_AGGRESSIVE;
				GCC_WARN_UNUSED_FUNCTION = YES;
				GCC_WARN_UNUSED_VARIABLE = YES;
				IPHONEOS_DEPLOYMENT_TARGET = 14.5;
				MTL_ENABLE_DEBUG_INFO = INCLUDE_SOURCE;
				MTL_FAST_MATH = YES;
				ONLY_ACTIVE_ARCH = YES;
				SDKROOT = iphoneos;
				SWIFT_ACTIVE_COMPILATION_CONDITIONS = DEBUG;
				SWIFT_OPTIMIZATION_LEVEL = "-Onone";
			};
			name = Debug;
		};
		D4FD6AE2275DDD2C00E115A6 /* Release */ = {
			isa = XCBuildConfiguration;
			buildSettings = {
				ALWAYS_SEARCH_USER_PATHS = NO;
				CLANG_ANALYZER_NONNULL = YES;
				CLANG_ANALYZER_NUMBER_OBJECT_CONVERSION = YES_AGGRESSIVE;
				CLANG_CXX_LANGUAGE_STANDARD = "gnu++14";
				CLANG_CXX_LIBRARY = "libc++";
				CLANG_ENABLE_MODULES = YES;
				CLANG_ENABLE_OBJC_ARC = YES;
				CLANG_ENABLE_OBJC_WEAK = YES;
				CLANG_WARN_BLOCK_CAPTURE_AUTORELEASING = YES;
				CLANG_WARN_BOOL_CONVERSION = YES;
				CLANG_WARN_COMMA = YES;
				CLANG_WARN_CONSTANT_CONVERSION = YES;
				CLANG_WARN_DEPRECATED_OBJC_IMPLEMENTATIONS = YES;
				CLANG_WARN_DIRECT_OBJC_ISA_USAGE = YES_ERROR;
				CLANG_WARN_DOCUMENTATION_COMMENTS = YES;
				CLANG_WARN_EMPTY_BODY = YES;
				CLANG_WARN_ENUM_CONVERSION = YES;
				CLANG_WARN_INFINITE_RECURSION = YES;
				CLANG_WARN_INT_CONVERSION = YES;
				CLANG_WARN_NON_LITERAL_NULL_CONVERSION = YES;
				CLANG_WARN_OBJC_IMPLICIT_RETAIN_SELF = YES;
				CLANG_WARN_OBJC_LITERAL_CONVERSION = YES;
				CLANG_WARN_OBJC_ROOT_CLASS = YES_ERROR;
				CLANG_WARN_QUOTED_INCLUDE_IN_FRAMEWORK_HEADER = YES;
				CLANG_WARN_RANGE_LOOP_ANALYSIS = YES;
				CLANG_WARN_STRICT_PROTOTYPES = YES;
				CLANG_WARN_SUSPICIOUS_MOVE = YES;
				CLANG_WARN_UNGUARDED_AVAILABILITY = YES_AGGRESSIVE;
				CLANG_WARN_UNREACHABLE_CODE = YES;
				CLANG_WARN__DUPLICATE_METHOD_MATCH = YES;
				COPY_PHASE_STRIP = NO;
				DEBUG_INFORMATION_FORMAT = "dwarf-with-dsym";
				ENABLE_NS_ASSERTIONS = NO;
				ENABLE_STRICT_OBJC_MSGSEND = YES;
				GCC_C_LANGUAGE_STANDARD = gnu11;
				GCC_NO_COMMON_BLOCKS = YES;
				GCC_WARN_64_TO_32_BIT_CONVERSION = YES;
				GCC_WARN_ABOUT_RETURN_TYPE = YES_ERROR;
				GCC_WARN_UNDECLARED_SELECTOR = YES;
				GCC_WARN_UNINITIALIZED_AUTOS = YES_AGGRESSIVE;
				GCC_WARN_UNUSED_FUNCTION = YES;
				GCC_WARN_UNUSED_VARIABLE = YES;
				IPHONEOS_DEPLOYMENT_TARGET = 14.5;
				MTL_ENABLE_DEBUG_INFO = NO;
				MTL_FAST_MATH = YES;
				SDKROOT = iphoneos;
				SWIFT_COMPILATION_MODE = wholemodule;
				SWIFT_OPTIMIZATION_LEVEL = "-O";
				VALIDATE_PRODUCT = YES;
			};
			name = Release;
		};
		D4FD6AE4275DDD2C00E115A6 /* Debug */ = {
			isa = XCBuildConfiguration;
			baseConfigurationReference = 9C17220FF0D90FDC5314A72D /* Pods-UnsplashPhoto.debug.xcconfig */;
			buildSettings = {
				ASSETCATALOG_COMPILER_APPICON_NAME = AppIcon;
				ASSETCATALOG_COMPILER_GLOBAL_ACCENT_COLOR_NAME = AccentColor;
				CODE_SIGN_STYLE = Automatic;
				DEVELOPMENT_TEAM = M8Q4DXWNP5;
				INFOPLIST_FILE = UnsplashPhoto/Info.plist;
				LD_RUNPATH_SEARCH_PATHS = (
					"$(inherited)",
					"@executable_path/Frameworks",
				);
				PRODUCT_BUNDLE_IDENTIFIER = ronick.UnsplashPhoto;
				PRODUCT_NAME = "$(TARGET_NAME)";
				SWIFT_VERSION = 5.0;
				TARGETED_DEVICE_FAMILY = "1,2";
			};
			name = Debug;
		};
		D4FD6AE5275DDD2C00E115A6 /* Release */ = {
			isa = XCBuildConfiguration;
			baseConfigurationReference = CCD5B6BAC76E1D208318090A /* Pods-UnsplashPhoto.release.xcconfig */;
			buildSettings = {
				ASSETCATALOG_COMPILER_APPICON_NAME = AppIcon;
				ASSETCATALOG_COMPILER_GLOBAL_ACCENT_COLOR_NAME = AccentColor;
				CODE_SIGN_STYLE = Automatic;
				DEVELOPMENT_TEAM = M8Q4DXWNP5;
				INFOPLIST_FILE = UnsplashPhoto/Info.plist;
				LD_RUNPATH_SEARCH_PATHS = (
					"$(inherited)",
					"@executable_path/Frameworks",
				);
				PRODUCT_BUNDLE_IDENTIFIER = ronick.UnsplashPhoto;
				PRODUCT_NAME = "$(TARGET_NAME)";
				SWIFT_VERSION = 5.0;
				TARGETED_DEVICE_FAMILY = "1,2";
			};
			name = Release;
		};
/* End XCBuildConfiguration section */

/* Begin XCConfigurationList section */
		D4FD6ACA275DDD2A00E115A6 /* Build configuration list for PBXProject "UnsplashPhoto" */ = {
			isa = XCConfigurationList;
			buildConfigurations = (
				D4FD6AE1275DDD2C00E115A6 /* Debug */,
				D4FD6AE2275DDD2C00E115A6 /* Release */,
			);
			defaultConfigurationIsVisible = 0;
			defaultConfigurationName = Release;
		};
		D4FD6AE3275DDD2C00E115A6 /* Build configuration list for PBXNativeTarget "UnsplashPhoto" */ = {
			isa = XCConfigurationList;
			buildConfigurations = (
				D4FD6AE4275DDD2C00E115A6 /* Debug */,
				D4FD6AE5275DDD2C00E115A6 /* Release */,
			);
			defaultConfigurationIsVisible = 0;
			defaultConfigurationName = Release;
		};
/* End XCConfigurationList section */
	};
	rootObject = D4FD6AC7275DDD2A00E115A6 /* Project object */;
}
