// !$*UTF8*$!
{
	archiveVersion = 1;
	classes = {
	};
	objectVersion = 51;
	objects = {

/* Begin PBXBuildFile section */
		4DA00AF16FCCA1B0C86BA708 /* Pods_UnsplashPhoto.framework in Frameworks */ = {isa = PBXBuildFile; fileRef = BF5CA8699D6C13224C341D60 /* Pods_UnsplashPhoto.framework */; };
		B1C133624606CA1E4C2139F1 /* Pods_UnsplashPhotoTests.framework in Frameworks */ = {isa = PBXBuildFile; fileRef = BB4FE928F55B774AD63F2833 /* Pods_UnsplashPhotoTests.framework */; };
		D40E5EAF2761E67E001EB14E /* URL+Extensions.swift in Sources */ = {isa = PBXBuildFile; fileRef = D40E5EAE2761E67E001EB14E /* URL+Extensions.swift */; };
		D40E5EB12761E690001EB14E /* URLRequest+Extensions.swift in Sources */ = {isa = PBXBuildFile; fileRef = D40E5EB02761E690001EB14E /* URLRequest+Extensions.swift */; };
		D40E5EB32761E69A001EB14E /* User.swift in Sources */ = {isa = PBXBuildFile; fileRef = D40E5EB22761E69A001EB14E /* User.swift */; };
		D40E5EB52761E6A5001EB14E /* Photo.swift in Sources */ = {isa = PBXBuildFile; fileRef = D40E5EB42761E6A5001EB14E /* Photo.swift */; };
		D40E5EB72761E6BD001EB14E /* SearchViewModel.swift in Sources */ = {isa = PBXBuildFile; fileRef = D40E5EB62761E6BD001EB14E /* SearchViewModel.swift */; };
		D40E5EBA27625DB8001EB14E /* WebImageView.swift in Sources */ = {isa = PBXBuildFile; fileRef = D40E5EB927625DB8001EB14E /* WebImageView.swift */; };
		D4120D2627F9A84A00554C00 /* RxBlocking.framework in Frameworks */ = {isa = PBXBuildFile; fileRef = D4120D2527F9A84A00554C00 /* RxBlocking.framework */; };
		D4120D2827F9A85400554C00 /* RxTest.framework in Frameworks */ = {isa = PBXBuildFile; fileRef = D4120D2727F9A85400554C00 /* RxTest.framework */; };
		D4120D2E27F9B61700554C00 /* Nimble.framework in Frameworks */ = {isa = PBXBuildFile; fileRef = D4120D2D27F9B61700554C00 /* Nimble.framework */; };
		D4120D3227F9B87C00554C00 /* RxNimble.framework in Frameworks */ = {isa = PBXBuildFile; fileRef = D4120D3127F9B87C00554C00 /* RxNimble.framework */; };
		D41E81D12824FA7500773951 /* SearchService.swift in Sources */ = {isa = PBXBuildFile; fileRef = D41E81D02824FA7500773951 /* SearchService.swift */; };
		D481D0CD27680392001E6DBE /* ProfileViewModel.swift in Sources */ = {isa = PBXBuildFile; fileRef = D481D0CB27680392001E6DBE /* ProfileViewModel.swift */; };
		D481D0CE27680392001E6DBE /* ProfileCellViewModel.swift in Sources */ = {isa = PBXBuildFile; fileRef = D481D0CC27680392001E6DBE /* ProfileCellViewModel.swift */; };
		D481D0D0276803A1001E6DBE /* UserService.swift in Sources */ = {isa = PBXBuildFile; fileRef = D481D0CF276803A1001E6DBE /* UserService.swift */; };
		D482627727B943DE00131979 /* ViewModelType.swift in Sources */ = {isa = PBXBuildFile; fileRef = D482627627B943DE00131979 /* ViewModelType.swift */; };
		D482627927B94C6D00131979 /* ViewModelBindableType.swift in Sources */ = {isa = PBXBuildFile; fileRef = D482627827B94C6D00131979 /* ViewModelBindableType.swift */; };
		D48A3791275F984A0081B3A4 /* ProfileHeader.swift in Sources */ = {isa = PBXBuildFile; fileRef = D48A3790275F984A0081B3A4 /* ProfileHeader.swift */; };
		D4920E7A276636EE00A56145 /* SearchCellViewModel.swift in Sources */ = {isa = PBXBuildFile; fileRef = D4920E79276636EE00A56145 /* SearchCellViewModel.swift */; };
		D4A7889D281EB1D000ED88FA /* SearchViewModelTests.swift in Sources */ = {isa = PBXBuildFile; fileRef = D4A7889C281EB1D000ED88FA /* SearchViewModelTests.swift */; };
		D4BF3176275F60910082867B /* ProfileViewController.swift in Sources */ = {isa = PBXBuildFile; fileRef = D4BF3175275F60910082867B /* ProfileViewController.swift */; };
		D4BF3178275F78F90082867B /* ProfileCell.swift in Sources */ = {isa = PBXBuildFile; fileRef = D4BF3177275F78F90082867B /* ProfileCell.swift */; };
		D4CDB9FB2764CB73005ECC2E /* AuthManager.swift in Sources */ = {isa = PBXBuildFile; fileRef = D4CDB9FA2764CB73005ECC2E /* AuthManager.swift */; };
		D4CDB9FE2764F460005ECC2E /* AuthorizationRequest.swift in Sources */ = {isa = PBXBuildFile; fileRef = D4CDB9FD2764F460005ECC2E /* AuthorizationRequest.swift */; };
		D4CDBA01276500FC005ECC2E /* AuthorizationResponse.swift in Sources */ = {isa = PBXBuildFile; fileRef = D4CDBA00276500FC005ECC2E /* AuthorizationResponse.swift */; };
		D4D5DFDF275E015F00314F2E /* SearchViewController.swift in Sources */ = {isa = PBXBuildFile; fileRef = D4D5DFDE275E015F00314F2E /* SearchViewController.swift */; };
		D4D5DFE2275E104400314F2E /* SearchCell.swift in Sources */ = {isa = PBXBuildFile; fileRef = D4D5DFE1275E104400314F2E /* SearchCell.swift */; };
		D4FD6AD3275DDD2A00E115A6 /* AppDelegate.swift in Sources */ = {isa = PBXBuildFile; fileRef = D4FD6AD2275DDD2A00E115A6 /* AppDelegate.swift */; };
		D4FD6AD5275DDD2A00E115A6 /* SceneDelegate.swift in Sources */ = {isa = PBXBuildFile; fileRef = D4FD6AD4275DDD2A00E115A6 /* SceneDelegate.swift */; };
		D4FD6AD7275DDD2A00E115A6 /* ViewController.swift in Sources */ = {isa = PBXBuildFile; fileRef = D4FD6AD6275DDD2A00E115A6 /* ViewController.swift */; };
		D4FD6ADC275DDD2C00E115A6 /* Assets.xcassets in Resources */ = {isa = PBXBuildFile; fileRef = D4FD6ADB275DDD2C00E115A6 /* Assets.xcassets */; };
		D4FD6ADF275DDD2C00E115A6 /* LaunchScreen.storyboard in Resources */ = {isa = PBXBuildFile; fileRef = D4FD6ADD275DDD2C00E115A6 /* LaunchScreen.storyboard */; };
/* End PBXBuildFile section */

/* Begin PBXContainerItemProxy section */
		D46DF51027EE0365007B79ED /* PBXContainerItemProxy */ = {
			isa = PBXContainerItemProxy;
			containerPortal = D4FD6AC7275DDD2A00E115A6 /* Project object */;
			proxyType = 1;
			remoteGlobalIDString = D4FD6ACE275DDD2A00E115A6;
			remoteInfo = UnsplashPhoto;
		};
/* End PBXContainerItemProxy section */

/* Begin PBXFileReference section */
		1E01B3A69F3B4661A334363A /* Pods-UnsplashPhoto-UnsplashPhotoTests.debug.xcconfig */ = {isa = PBXFileReference; includeInIndex = 1; lastKnownFileType = text.xcconfig; name = "Pods-UnsplashPhoto-UnsplashPhotoTests.debug.xcconfig"; path = "Target Support Files/Pods-UnsplashPhoto-UnsplashPhotoTests/Pods-UnsplashPhoto-UnsplashPhotoTests.debug.xcconfig"; sourceTree = "<group>"; };
		6130ECF886A200FF78372DAB /* Pods-UnsplashPhotoTests.release.xcconfig */ = {isa = PBXFileReference; includeInIndex = 1; lastKnownFileType = text.xcconfig; name = "Pods-UnsplashPhotoTests.release.xcconfig"; path = "Target Support Files/Pods-UnsplashPhotoTests/Pods-UnsplashPhotoTests.release.xcconfig"; sourceTree = "<group>"; };
		653E1C069E89CEDB98091727 /* Pods-UnsplashPhotoTests.debug.xcconfig */ = {isa = PBXFileReference; includeInIndex = 1; lastKnownFileType = text.xcconfig; name = "Pods-UnsplashPhotoTests.debug.xcconfig"; path = "Target Support Files/Pods-UnsplashPhotoTests/Pods-UnsplashPhotoTests.debug.xcconfig"; sourceTree = "<group>"; };
		9C17220FF0D90FDC5314A72D /* Pods-UnsplashPhoto.debug.xcconfig */ = {isa = PBXFileReference; includeInIndex = 1; lastKnownFileType = text.xcconfig; name = "Pods-UnsplashPhoto.debug.xcconfig"; path = "Target Support Files/Pods-UnsplashPhoto/Pods-UnsplashPhoto.debug.xcconfig"; sourceTree = "<group>"; };
		BB4FE928F55B774AD63F2833 /* Pods_UnsplashPhotoTests.framework */ = {isa = PBXFileReference; explicitFileType = wrapper.framework; includeInIndex = 0; path = Pods_UnsplashPhotoTests.framework; sourceTree = BUILT_PRODUCTS_DIR; };
		BF5CA8699D6C13224C341D60 /* Pods_UnsplashPhoto.framework */ = {isa = PBXFileReference; explicitFileType = wrapper.framework; includeInIndex = 0; path = Pods_UnsplashPhoto.framework; sourceTree = BUILT_PRODUCTS_DIR; };
		CCA1E0D572B3C64BE1DD9EF1 /* Pods-UnsplashPhoto-UnsplashPhotoTests.release.xcconfig */ = {isa = PBXFileReference; includeInIndex = 1; lastKnownFileType = text.xcconfig; name = "Pods-UnsplashPhoto-UnsplashPhotoTests.release.xcconfig"; path = "Target Support Files/Pods-UnsplashPhoto-UnsplashPhotoTests/Pods-UnsplashPhoto-UnsplashPhotoTests.release.xcconfig"; sourceTree = "<group>"; };
		CCD5B6BAC76E1D208318090A /* Pods-UnsplashPhoto.release.xcconfig */ = {isa = PBXFileReference; includeInIndex = 1; lastKnownFileType = text.xcconfig; name = "Pods-UnsplashPhoto.release.xcconfig"; path = "Target Support Files/Pods-UnsplashPhoto/Pods-UnsplashPhoto.release.xcconfig"; sourceTree = "<group>"; };
		D40E5EAE2761E67E001EB14E /* URL+Extensions.swift */ = {isa = PBXFileReference; lastKnownFileType = sourcecode.swift; path = "URL+Extensions.swift"; sourceTree = "<group>"; };
		D40E5EB02761E690001EB14E /* URLRequest+Extensions.swift */ = {isa = PBXFileReference; lastKnownFileType = sourcecode.swift; path = "URLRequest+Extensions.swift"; sourceTree = "<group>"; };
		D40E5EB22761E69A001EB14E /* User.swift */ = {isa = PBXFileReference; lastKnownFileType = sourcecode.swift; path = User.swift; sourceTree = "<group>"; };
		D40E5EB42761E6A5001EB14E /* Photo.swift */ = {isa = PBXFileReference; lastKnownFileType = sourcecode.swift; path = Photo.swift; sourceTree = "<group>"; };
		D40E5EB62761E6BD001EB14E /* SearchViewModel.swift */ = {isa = PBXFileReference; lastKnownFileType = sourcecode.swift; path = SearchViewModel.swift; sourceTree = "<group>"; };
		D40E5EB927625DB8001EB14E /* WebImageView.swift */ = {isa = PBXFileReference; lastKnownFileType = sourcecode.swift; path = WebImageView.swift; sourceTree = "<group>"; };
		D4120D1927F9A72000554C00 /* RxBlocking.framework */ = {isa = PBXFileReference; explicitFileType = wrapper.framework; path = RxBlocking.framework; sourceTree = BUILT_PRODUCTS_DIR; };
		D4120D1D27F9A7DA00554C00 /* RxTest.framework */ = {isa = PBXFileReference; explicitFileType = wrapper.framework; path = RxTest.framework; sourceTree = BUILT_PRODUCTS_DIR; };
		D4120D2527F9A84A00554C00 /* RxBlocking.framework */ = {isa = PBXFileReference; explicitFileType = wrapper.framework; path = RxBlocking.framework; sourceTree = BUILT_PRODUCTS_DIR; };
		D4120D2727F9A85400554C00 /* RxTest.framework */ = {isa = PBXFileReference; explicitFileType = wrapper.framework; path = RxTest.framework; sourceTree = BUILT_PRODUCTS_DIR; };
		D4120D2927F9B59100554C00 /* Nimble.framework */ = {isa = PBXFileReference; explicitFileType = wrapper.framework; path = Nimble.framework; sourceTree = BUILT_PRODUCTS_DIR; };
		D4120D2B27F9B60300554C00 /* Nimble.framework */ = {isa = PBXFileReference; explicitFileType = wrapper.framework; path = Nimble.framework; sourceTree = BUILT_PRODUCTS_DIR; };
		D4120D2D27F9B61700554C00 /* Nimble.framework */ = {isa = PBXFileReference; explicitFileType = wrapper.framework; path = Nimble.framework; sourceTree = BUILT_PRODUCTS_DIR; };
		D4120D2F27F9B63100554C00 /* Nimble.framework */ = {isa = PBXFileReference; explicitFileType = wrapper.framework; path = Nimble.framework; sourceTree = BUILT_PRODUCTS_DIR; };
		D4120D3127F9B87C00554C00 /* RxNimble.framework */ = {isa = PBXFileReference; explicitFileType = wrapper.framework; path = RxNimble.framework; sourceTree = BUILT_PRODUCTS_DIR; };
		D4120D3327F9B89300554C00 /* RxNimble.framework */ = {isa = PBXFileReference; explicitFileType = wrapper.framework; path = RxNimble.framework; sourceTree = BUILT_PRODUCTS_DIR; };
		D41E81D02824FA7500773951 /* SearchService.swift */ = {isa = PBXFileReference; lastKnownFileType = sourcecode.swift; path = SearchService.swift; sourceTree = "<group>"; };
		D46DF50B27EE0365007B79ED /* UnsplashPhotoTests.xctest */ = {isa = PBXFileReference; explicitFileType = wrapper.cfbundle; includeInIndex = 0; path = UnsplashPhotoTests.xctest; sourceTree = BUILT_PRODUCTS_DIR; };
		D46DF50F27EE0365007B79ED /* Info.plist */ = {isa = PBXFileReference; lastKnownFileType = text.plist.xml; path = Info.plist; sourceTree = "<group>"; };
		D481D0CB27680392001E6DBE /* ProfileViewModel.swift */ = {isa = PBXFileReference; fileEncoding = 4; lastKnownFileType = sourcecode.swift; path = ProfileViewModel.swift; sourceTree = "<group>"; };
		D481D0CC27680392001E6DBE /* ProfileCellViewModel.swift */ = {isa = PBXFileReference; fileEncoding = 4; lastKnownFileType = sourcecode.swift; path = ProfileCellViewModel.swift; sourceTree = "<group>"; };
		D481D0CF276803A1001E6DBE /* UserService.swift */ = {isa = PBXFileReference; fileEncoding = 4; lastKnownFileType = sourcecode.swift; path = UserService.swift; sourceTree = "<group>"; };
		D482627627B943DE00131979 /* ViewModelType.swift */ = {isa = PBXFileReference; lastKnownFileType = sourcecode.swift; path = ViewModelType.swift; sourceTree = "<group>"; };
		D482627827B94C6D00131979 /* ViewModelBindableType.swift */ = {isa = PBXFileReference; lastKnownFileType = sourcecode.swift; path = ViewModelBindableType.swift; sourceTree = "<group>"; };
		D48837522767A3E600676F67 /* ProfileViewModel.swift */ = {isa = PBXFileReference; fileEncoding = 4; lastKnownFileType = sourcecode.swift; path = ProfileViewModel.swift; sourceTree = "<group>"; };
		D48837552767A95500676F67 /* UserService.swift */ = {isa = PBXFileReference; fileEncoding = 4; lastKnownFileType = sourcecode.swift; path = UserService.swift; sourceTree = "<group>"; };
		D48837572767AD7600676F67 /* ProfileCellViewModel.swift */ = {isa = PBXFileReference; lastKnownFileType = sourcecode.swift; path = ProfileCellViewModel.swift; sourceTree = "<group>"; };
		D48A3790275F984A0081B3A4 /* ProfileHeader.swift */ = {isa = PBXFileReference; lastKnownFileType = sourcecode.swift; path = ProfileHeader.swift; sourceTree = "<group>"; };
		D4920E79276636EE00A56145 /* SearchCellViewModel.swift */ = {isa = PBXFileReference; lastKnownFileType = sourcecode.swift; path = SearchCellViewModel.swift; sourceTree = "<group>"; };
		D4A7889C281EB1D000ED88FA /* SearchViewModelTests.swift */ = {isa = PBXFileReference; fileEncoding = 4; lastKnownFileType = sourcecode.swift; path = SearchViewModelTests.swift; sourceTree = "<group>"; };
		D4BF3175275F60910082867B /* ProfileViewController.swift */ = {isa = PBXFileReference; lastKnownFileType = sourcecode.swift; path = ProfileViewController.swift; sourceTree = "<group>"; };
		D4BF3177275F78F90082867B /* ProfileCell.swift */ = {isa = PBXFileReference; lastKnownFileType = sourcecode.swift; path = ProfileCell.swift; sourceTree = "<group>"; };
		D4CDB9FA2764CB73005ECC2E /* AuthManager.swift */ = {isa = PBXFileReference; lastKnownFileType = sourcecode.swift; path = AuthManager.swift; sourceTree = "<group>"; };
		D4CDB9FD2764F460005ECC2E /* AuthorizationRequest.swift */ = {isa = PBXFileReference; lastKnownFileType = sourcecode.swift; path = AuthorizationRequest.swift; sourceTree = "<group>"; };
		D4CDBA00276500FC005ECC2E /* AuthorizationResponse.swift */ = {isa = PBXFileReference; lastKnownFileType = sourcecode.swift; path = AuthorizationResponse.swift; sourceTree = "<group>"; };
		D4D5DFDE275E015F00314F2E /* SearchViewController.swift */ = {isa = PBXFileReference; lastKnownFileType = sourcecode.swift; path = SearchViewController.swift; sourceTree = "<group>"; };
		D4D5DFE1275E104400314F2E /* SearchCell.swift */ = {isa = PBXFileReference; lastKnownFileType = sourcecode.swift; path = SearchCell.swift; sourceTree = "<group>"; };
		D4F8CD4B2766FEE8009D1D3F /* UserService.swift */ = {isa = PBXFileReference; lastKnownFileType = sourcecode.swift; path = UserService.swift; sourceTree = "<group>"; };
		D4FD6ACF275DDD2A00E115A6 /* UnsplashPhoto.app */ = {isa = PBXFileReference; explicitFileType = wrapper.application; includeInIndex = 0; path = UnsplashPhoto.app; sourceTree = BUILT_PRODUCTS_DIR; };
		D4FD6AD2275DDD2A00E115A6 /* AppDelegate.swift */ = {isa = PBXFileReference; lastKnownFileType = sourcecode.swift; path = AppDelegate.swift; sourceTree = "<group>"; };
		D4FD6AD4275DDD2A00E115A6 /* SceneDelegate.swift */ = {isa = PBXFileReference; lastKnownFileType = sourcecode.swift; path = SceneDelegate.swift; sourceTree = "<group>"; };
		D4FD6AD6275DDD2A00E115A6 /* ViewController.swift */ = {isa = PBXFileReference; lastKnownFileType = sourcecode.swift; path = ViewController.swift; sourceTree = "<group>"; };
		D4FD6ADB275DDD2C00E115A6 /* Assets.xcassets */ = {isa = PBXFileReference; lastKnownFileType = folder.assetcatalog; path = Assets.xcassets; sourceTree = "<group>"; };
		D4FD6ADE275DDD2C00E115A6 /* Base */ = {isa = PBXFileReference; lastKnownFileType = file.storyboard; name = Base; path = Base.lproj/LaunchScreen.storyboard; sourceTree = "<group>"; };
		D4FD6AE0275DDD2C00E115A6 /* Info.plist */ = {isa = PBXFileReference; lastKnownFileType = text.plist.xml; path = Info.plist; sourceTree = "<group>"; };
/* End PBXFileReference section */

/* Begin PBXFrameworksBuildPhase section */
		D46DF50827EE0365007B79ED /* Frameworks */ = {
			isa = PBXFrameworksBuildPhase;
			buildActionMask = 2147483647;
			files = (
				D4120D3227F9B87C00554C00 /* RxNimble.framework in Frameworks */,
				D4120D2E27F9B61700554C00 /* Nimble.framework in Frameworks */,
				D4120D2627F9A84A00554C00 /* RxBlocking.framework in Frameworks */,
				D4120D2827F9A85400554C00 /* RxTest.framework in Frameworks */,
				B1C133624606CA1E4C2139F1 /* Pods_UnsplashPhotoTests.framework in Frameworks */,
			);
			runOnlyForDeploymentPostprocessing = 0;
		};
		D4FD6ACC275DDD2A00E115A6 /* Frameworks */ = {
			isa = PBXFrameworksBuildPhase;
			buildActionMask = 2147483647;
			files = (
				4DA00AF16FCCA1B0C86BA708 /* Pods_UnsplashPhoto.framework in Frameworks */,
			);
			runOnlyForDeploymentPostprocessing = 0;
		};
/* End PBXFrameworksBuildPhase section */

/* Begin PBXGroup section */
		37A9F677010FFF258B35E655 /* Pods */ = {
			isa = PBXGroup;
			children = (
				9C17220FF0D90FDC5314A72D /* Pods-UnsplashPhoto.debug.xcconfig */,
				CCD5B6BAC76E1D208318090A /* Pods-UnsplashPhoto.release.xcconfig */,
				653E1C069E89CEDB98091727 /* Pods-UnsplashPhotoTests.debug.xcconfig */,
				6130ECF886A200FF78372DAB /* Pods-UnsplashPhotoTests.release.xcconfig */,
				1E01B3A69F3B4661A334363A /* Pods-UnsplashPhoto-UnsplashPhotoTests.debug.xcconfig */,
				CCA1E0D572B3C64BE1DD9EF1 /* Pods-UnsplashPhoto-UnsplashPhotoTests.release.xcconfig */,
			);
			path = Pods;
			sourceTree = "<group>";
		};
		5D8FF15B10C955B84A74A0CB /* Frameworks */ = {
			isa = PBXGroup;
			children = (
				D4120D3327F9B89300554C00 /* RxNimble.framework */,
				D4120D3127F9B87C00554C00 /* RxNimble.framework */,
				D4120D2F27F9B63100554C00 /* Nimble.framework */,
				D4120D2D27F9B61700554C00 /* Nimble.framework */,
				D4120D2B27F9B60300554C00 /* Nimble.framework */,
				D4120D2927F9B59100554C00 /* Nimble.framework */,
				D4120D2727F9A85400554C00 /* RxTest.framework */,
				D4120D2527F9A84A00554C00 /* RxBlocking.framework */,
				D4120D1D27F9A7DA00554C00 /* RxTest.framework */,
				D4120D1927F9A72000554C00 /* RxBlocking.framework */,
				BF5CA8699D6C13224C341D60 /* Pods_UnsplashPhoto.framework */,
				BB4FE928F55B774AD63F2833 /* Pods_UnsplashPhotoTests.framework */,
			);
			name = Frameworks;
			sourceTree = "<group>";
		};
		D40E5EAD2761E609001EB14E /* Extensions */ = {
			isa = PBXGroup;
			children = (
				D40E5EAE2761E67E001EB14E /* URL+Extensions.swift */,
				D40E5EB02761E690001EB14E /* URLRequest+Extensions.swift */,
			);
			path = Extensions;
			sourceTree = "<group>";
		};
		D40E5EB827625DA8001EB14E /* Items */ = {
			isa = PBXGroup;
			children = (
				D40E5EB927625DB8001EB14E /* WebImageView.swift */,
			);
			path = Items;
			sourceTree = "<group>";
		};
		D46DF50C27EE0365007B79ED /* UnsplashPhotoTests */ = {
			isa = PBXGroup;
			children = (
				D4A7889A281EB1D000ED88FA /* ViewModel */,
				D46DF50F27EE0365007B79ED /* Info.plist */,
			);
			path = UnsplashPhotoTests;
			sourceTree = "<group>";
		};
		D481D0BA2767F6CC001E6DBE /* Recovered References */ = {
			isa = PBXGroup;
			children = (
				D48837572767AD7600676F67 /* ProfileCellViewModel.swift */,
				D48837522767A3E600676F67 /* ProfileViewModel.swift */,
				D48837552767A95500676F67 /* UserService.swift */,
				D4F8CD4B2766FEE8009D1D3F /* UserService.swift */,
			);
			name = "Recovered References";
			sourceTree = "<group>";
		};
		D481D0BD2767F7A0001E6DBE /* API */ = {
			isa = PBXGroup;
			children = (
				D481D0CF276803A1001E6DBE /* UserService.swift */,
			);
			path = API;
			sourceTree = "<group>";
		};
		D4920E78276636CC00A56145 /* Search */ = {
			isa = PBXGroup;
			children = (
				D40E5EB62761E6BD001EB14E /* SearchViewModel.swift */,
				D4920E79276636EE00A56145 /* SearchCellViewModel.swift */,
				D41E81D02824FA7500773951 /* SearchService.swift */,
			);
			path = Search;
			sourceTree = "<group>";
		};
		D4A7889A281EB1D000ED88FA /* ViewModel */ = {
			isa = PBXGroup;
			children = (
				D4A7889B281EB1D000ED88FA /* Search */,
			);
			path = ViewModel;
			sourceTree = "<group>";
		};
		D4A7889B281EB1D000ED88FA /* Search */ = {
			isa = PBXGroup;
			children = (
				D4A7889C281EB1D000ED88FA /* SearchViewModelTests.swift */,
			);
			path = Search;
			sourceTree = "<group>";
		};
		D4BF3174275F607D0082867B /* Profile */ = {
			isa = PBXGroup;
			children = (
				D4BF3177275F78F90082867B /* ProfileCell.swift */,
				D48A3790275F984A0081B3A4 /* ProfileHeader.swift */,
			);
			path = Profile;
			sourceTree = "<group>";
		};
		D4CDB9FF2764FE02005ECC2E /* DTO */ = {
			isa = PBXGroup;
			children = (
				D4CDB9FD2764F460005ECC2E /* AuthorizationRequest.swift */,
				D4CDBA00276500FC005ECC2E /* AuthorizationResponse.swift */,
			);
			path = DTO;
			sourceTree = "<group>";
		};
		D4D5DFD7275DF34100314F2E /* Controller */ = {
			isa = PBXGroup;
			children = (
				D4D5DFDE275E015F00314F2E /* SearchViewController.swift */,
				D4BF3175275F60910082867B /* ProfileViewController.swift */,
				D482627827B94C6D00131979 /* ViewModelBindableType.swift */,
			);
			path = Controller;
			sourceTree = "<group>";
		};
		D4D5DFD8275DF34D00314F2E /* Model */ = {
			isa = PBXGroup;
			children = (
				D4CDB9FF2764FE02005ECC2E /* DTO */,
				D40E5EB22761E69A001EB14E /* User.swift */,
				D40E5EB42761E6A5001EB14E /* Photo.swift */,
			);
			path = Model;
			sourceTree = "<group>";
		};
		D4D5DFD9275DF35A00314F2E /* ViewModel */ = {
			isa = PBXGroup;
			children = (
				D4F8CD4D276726CA009D1D3F /* Profile */,
				D4920E78276636CC00A56145 /* Search */,
				D4CDB9FA2764CB73005ECC2E /* AuthManager.swift */,
				D482627627B943DE00131979 /* ViewModelType.swift */,
			);
			path = ViewModel;
			sourceTree = "<group>";
		};
		D4D5DFDA275DF47100314F2E /* View */ = {
			isa = PBXGroup;
			children = (
				D40E5EB827625DA8001EB14E /* Items */,
				D4BF3174275F607D0082867B /* Profile */,
				D4D5DFE0275E101800314F2E /* Search */,
			);
			path = View;
			sourceTree = "<group>";
		};
		D4D5DFE0275E101800314F2E /* Search */ = {
			isa = PBXGroup;
			children = (
				D4D5DFE1275E104400314F2E /* SearchCell.swift */,
			);
			path = Search;
			sourceTree = "<group>";
		};
		D4F8CD4D276726CA009D1D3F /* Profile */ = {
			isa = PBXGroup;
			children = (
				D481D0CB27680392001E6DBE /* ProfileViewModel.swift */,
				D481D0CC27680392001E6DBE /* ProfileCellViewModel.swift */,
			);
			path = Profile;
			sourceTree = "<group>";
		};
		D4FD6AC6275DDD2A00E115A6 = {
			isa = PBXGroup;
			children = (
				D4FD6AD1275DDD2A00E115A6 /* UnsplashPhoto */,
				D46DF50C27EE0365007B79ED /* UnsplashPhotoTests */,
				D4FD6AD0275DDD2A00E115A6 /* Products */,
				37A9F677010FFF258B35E655 /* Pods */,
				5D8FF15B10C955B84A74A0CB /* Frameworks */,
				D481D0BA2767F6CC001E6DBE /* Recovered References */,
			);
			sourceTree = "<group>";
		};
		D4FD6AD0275DDD2A00E115A6 /* Products */ = {
			isa = PBXGroup;
			children = (
				D4FD6ACF275DDD2A00E115A6 /* UnsplashPhoto.app */,
				D46DF50B27EE0365007B79ED /* UnsplashPhotoTests.xctest */,
			);
			name = Products;
			sourceTree = "<group>";
		};
		D4FD6AD1275DDD2A00E115A6 /* UnsplashPhoto */ = {
			isa = PBXGroup;
			children = (
				D40E5EAD2761E609001EB14E /* Extensions */,
				D4D5DFD8275DF34D00314F2E /* Model */,
				D4D5DFDA275DF47100314F2E /* View */,
				D4D5DFD9275DF35A00314F2E /* ViewModel */,
				D4D5DFD7275DF34100314F2E /* Controller */,
				D481D0BD2767F7A0001E6DBE /* API */,
				D4FD6AD6275DDD2A00E115A6 /* ViewController.swift */,
				D4FD6AD2275DDD2A00E115A6 /* AppDelegate.swift */,
				D4FD6AD4275DDD2A00E115A6 /* SceneDelegate.swift */,
				D4FD6ADB275DDD2C00E115A6 /* Assets.xcassets */,
				D4FD6ADD275DDD2C00E115A6 /* LaunchScreen.storyboard */,
				D4FD6AE0275DDD2C00E115A6 /* Info.plist */,
			);
			path = UnsplashPhoto;
			sourceTree = "<group>";
		};
/* End PBXGroup section */

/* Begin PBXNativeTarget section */
		D46DF50A27EE0365007B79ED /* UnsplashPhotoTests */ = {
			isa = PBXNativeTarget;
			buildConfigurationList = D46DF51227EE0365007B79ED /* Build configuration list for PBXNativeTarget "UnsplashPhotoTests" */;
			buildPhases = (
				9B41FE622482BEC689A7BFC9 /* [CP] Check Pods Manifest.lock */,
				D46DF50727EE0365007B79ED /* Sources */,
				D46DF50827EE0365007B79ED /* Frameworks */,
				D46DF50927EE0365007B79ED /* Resources */,
				BE385848E516654E9AEE50DB /* [CP] Embed Pods Frameworks */,
			);
			buildRules = (
			);
			dependencies = (
				D46DF51127EE0365007B79ED /* PBXTargetDependency */,
			);
			name = UnsplashPhotoTests;
			productName = UnsplashPhotoTests;
			productReference = D46DF50B27EE0365007B79ED /* UnsplashPhotoTests.xctest */;
			productType = "com.apple.product-type.bundle.unit-test";
		};
		D4FD6ACE275DDD2A00E115A6 /* UnsplashPhoto */ = {
			isa = PBXNativeTarget;
			buildConfigurationList = D4FD6AE3275DDD2C00E115A6 /* Build configuration list for PBXNativeTarget "UnsplashPhoto" */;
			buildPhases = (
				91CE965A6DD0FA76B904C401 /* [CP] Check Pods Manifest.lock */,
				D4FD6ACC275DDD2A00E115A6 /* Frameworks */,
				D4FD6ACB275DDD2A00E115A6 /* Sources */,
				D4FD6ACD275DDD2A00E115A6 /* Resources */,
				F42F3EA88040DB2D4CCA345E /* [CP] Embed Pods Frameworks */,
			);
			buildRules = (
			);
			dependencies = (
			);
			name = UnsplashPhoto;
			productName = UnsplashPhoto;
			productReference = D4FD6ACF275DDD2A00E115A6 /* UnsplashPhoto.app */;
			productType = "com.apple.product-type.application";
		};
/* End PBXNativeTarget section */

/* Begin PBXProject section */
		D4FD6AC7275DDD2A00E115A6 /* Project object */ = {
			isa = PBXProject;
			attributes = {
				LastSwiftUpdateCheck = 1250;
				LastUpgradeCheck = 1250;
				TargetAttributes = {
					D46DF50A27EE0365007B79ED = {
						CreatedOnToolsVersion = 12.5;
						TestTargetID = D4FD6ACE275DDD2A00E115A6;
					};
					D4FD6ACE275DDD2A00E115A6 = {
						CreatedOnToolsVersion = 12.5;
					};
				};
			};
			buildConfigurationList = D4FD6ACA275DDD2A00E115A6 /* Build configuration list for PBXProject "UnsplashPhoto" */;
			compatibilityVersion = "Xcode 9.3";
			developmentRegion = en;
			hasScannedForEncodings = 0;
			knownRegions = (
				en,
				Base,
			);
			mainGroup = D4FD6AC6275DDD2A00E115A6;
			productRefGroup = D4FD6AD0275DDD2A00E115A6 /* Products */;
			projectDirPath = "";
			projectRoot = "";
			targets = (
				D4FD6ACE275DDD2A00E115A6 /* UnsplashPhoto */,
				D46DF50A27EE0365007B79ED /* UnsplashPhotoTests */,
			);
		};
/* End PBXProject section */

/* Begin PBXResourcesBuildPhase section */
		D46DF50927EE0365007B79ED /* Resources */ = {
			isa = PBXResourcesBuildPhase;
			buildActionMask = 2147483647;
			files = (
			);
			runOnlyForDeploymentPostprocessing = 0;
		};
		D4FD6ACD275DDD2A00E115A6 /* Resources */ = {
			isa = PBXResourcesBuildPhase;
			buildActionMask = 2147483647;
			files = (
				D4FD6ADF275DDD2C00E115A6 /* LaunchScreen.storyboard in Resources */,
				D4FD6ADC275DDD2C00E115A6 /* Assets.xcassets in Resources */,
			);
			runOnlyForDeploymentPostprocessing = 0;
		};
/* End PBXResourcesBuildPhase section */

/* Begin PBXShellScriptBuildPhase section */
		91CE965A6DD0FA76B904C401 /* [CP] Check Pods Manifest.lock */ = {
			isa = PBXShellScriptBuildPhase;
			buildActionMask = 2147483647;
			files = (
			);
			inputFileListPaths = (
			);
			inputPaths = (
				"${PODS_PODFILE_DIR_PATH}/Podfile.lock",
				"${PODS_ROOT}/Manifest.lock",
			);
			name = "[CP] Check Pods Manifest.lock";
			outputFileListPaths = (
			);
			outputPaths = (
				"$(DERIVED_FILE_DIR)/Pods-UnsplashPhoto-checkManifestLockResult.txt",
			);
			runOnlyForDeploymentPostprocessing = 0;
			shellPath = /bin/sh;
			shellScript = "diff \"${PODS_PODFILE_DIR_PATH}/Podfile.lock\" \"${PODS_ROOT}/Manifest.lock\" > /dev/null\nif [ $? != 0 ] ; then\n    # print error to STDERR\n    echo \"error: The sandbox is not in sync with the Podfile.lock. Run 'pod install' or update your CocoaPods installation.\" >&2\n    exit 1\nfi\n# This output is used by Xcode 'outputs' to avoid re-running this script phase.\necho \"SUCCESS\" > \"${SCRIPT_OUTPUT_FILE_0}\"\n";
			showEnvVarsInLog = 0;
		};
		9B41FE622482BEC689A7BFC9 /* [CP] Check Pods Manifest.lock */ = {
			isa = PBXShellScriptBuildPhase;
			buildActionMask = 2147483647;
			files = (
			);
			inputFileListPaths = (
			);
			inputPaths = (
				"${PODS_PODFILE_DIR_PATH}/Podfile.lock",
				"${PODS_ROOT}/Manifest.lock",
			);
			name = "[CP] Check Pods Manifest.lock";
			outputFileListPaths = (
			);
			outputPaths = (
				"$(DERIVED_FILE_DIR)/Pods-UnsplashPhotoTests-checkManifestLockResult.txt",
			);
			runOnlyForDeploymentPostprocessing = 0;
			shellPath = /bin/sh;
			shellScript = "diff \"${PODS_PODFILE_DIR_PATH}/Podfile.lock\" \"${PODS_ROOT}/Manifest.lock\" > /dev/null\nif [ $? != 0 ] ; then\n    # print error to STDERR\n    echo \"error: The sandbox is not in sync with the Podfile.lock. Run 'pod install' or update your CocoaPods installation.\" >&2\n    exit 1\nfi\n# This output is used by Xcode 'outputs' to avoid re-running this script phase.\necho \"SUCCESS\" > \"${SCRIPT_OUTPUT_FILE_0}\"\n";
			showEnvVarsInLog = 0;
		};
		BE385848E516654E9AEE50DB /* [CP] Embed Pods Frameworks */ = {
			isa = PBXShellScriptBuildPhase;
			buildActionMask = 2147483647;
			files = (
			);
			inputFileListPaths = (
				"${PODS_ROOT}/Target Support Files/Pods-UnsplashPhotoTests/Pods-UnsplashPhotoTests-frameworks-${CONFIGURATION}-input-files.xcfilelist",
			);
			name = "[CP] Embed Pods Frameworks";
			outputFileListPaths = (
				"${PODS_ROOT}/Target Support Files/Pods-UnsplashPhotoTests/Pods-UnsplashPhotoTests-frameworks-${CONFIGURATION}-output-files.xcfilelist",
			);
			runOnlyForDeploymentPostprocessing = 0;
			shellPath = /bin/sh;
			shellScript = "\"${PODS_ROOT}/Target Support Files/Pods-UnsplashPhotoTests/Pods-UnsplashPhotoTests-frameworks.sh\"\n";
			showEnvVarsInLog = 0;
		};
		F42F3EA88040DB2D4CCA345E /* [CP] Embed Pods Frameworks */ = {
			isa = PBXShellScriptBuildPhase;
			buildActionMask = 2147483647;
			files = (
			);
			inputFileListPaths = (
				"${PODS_ROOT}/Target Support Files/Pods-UnsplashPhoto/Pods-UnsplashPhoto-frameworks-${CONFIGURATION}-input-files.xcfilelist",
			);
			name = "[CP] Embed Pods Frameworks";
			outputFileListPaths = (
				"${PODS_ROOT}/Target Support Files/Pods-UnsplashPhoto/Pods-UnsplashPhoto-frameworks-${CONFIGURATION}-output-files.xcfilelist",
			);
			runOnlyForDeploymentPostprocessing = 0;
			shellPath = /bin/sh;
			shellScript = "\"${PODS_ROOT}/Target Support Files/Pods-UnsplashPhoto/Pods-UnsplashPhoto-frameworks.sh\"\n";
			showEnvVarsInLog = 0;
		};
/* End PBXShellScriptBuildPhase section */

/* Begin PBXSourcesBuildPhase section */
		D46DF50727EE0365007B79ED /* Sources */ = {
			isa = PBXSourcesBuildPhase;
			buildActionMask = 2147483647;
			files = (
				D4A7889D281EB1D000ED88FA /* SearchViewModelTests.swift in Sources */,
			);
			runOnlyForDeploymentPostprocessing = 0;
		};
		D4FD6ACB275DDD2A00E115A6 /* Sources */ = {
			isa = PBXSourcesBuildPhase;
			buildActionMask = 2147483647;
			files = (
				D482627727B943DE00131979 /* ViewModelType.swift in Sources */,
				D40E5EB52761E6A5001EB14E /* Photo.swift in Sources */,
				D481D0D0276803A1001E6DBE /* UserService.swift in Sources */,
				D48A3791275F984A0081B3A4 /* ProfileHeader.swift in Sources */,
				D4BF3176275F60910082867B /* ProfileViewController.swift in Sources */,
				D40E5EBA27625DB8001EB14E /* WebImageView.swift in Sources */,
				D482627927B94C6D00131979 /* ViewModelBindableType.swift in Sources */,
				D4FD6AD7275DDD2A00E115A6 /* ViewController.swift in Sources */,
				D4CDB9FB2764CB73005ECC2E /* AuthManager.swift in Sources */,
				D40E5EB12761E690001EB14E /* URLRequest+Extensions.swift in Sources */,
				D40E5EB72761E6BD001EB14E /* SearchViewModel.swift in Sources */,
				D4D5DFE2275E104400314F2E /* SearchCell.swift in Sources */,
				D40E5EAF2761E67E001EB14E /* URL+Extensions.swift in Sources */,
				D4FD6AD3275DDD2A00E115A6 /* AppDelegate.swift in Sources */,
				D4D5DFDF275E015F00314F2E /* SearchViewController.swift in Sources */,
				D481D0CD27680392001E6DBE /* ProfileViewModel.swift in Sources */,
				D4CDBA01276500FC005ECC2E /* AuthorizationResponse.swift in Sources */,
				D481D0CE27680392001E6DBE /* ProfileCellViewModel.swift in Sources */,
				D4FD6AD5275DDD2A00E115A6 /* SceneDelegate.swift in Sources */,
				D4BF3178275F78F90082867B /* ProfileCell.swift in Sources */,
				D40E5EB32761E69A001EB14E /* User.swift in Sources */,
				D41E81D12824FA7500773951 /* SearchService.swift in Sources */,
				D4920E7A276636EE00A56145 /* SearchCellViewModel.swift in Sources */,
				D4CDB9FE2764F460005ECC2E /* AuthorizationRequest.swift in Sources */,
			);
			runOnlyForDeploymentPostprocessing = 0;
		};
/* End PBXSourcesBuildPhase section */

/* Begin PBXTargetDependency section */
		D46DF51127EE0365007B79ED /* PBXTargetDependency */ = {
			isa = PBXTargetDependency;
			target = D4FD6ACE275DDD2A00E115A6 /* UnsplashPhoto */;
			targetProxy = D46DF51027EE0365007B79ED /* PBXContainerItemProxy */;
		};
/* End PBXTargetDependency section */

/* Begin PBXVariantGroup section */
		D4FD6ADD275DDD2C00E115A6 /* LaunchScreen.storyboard */ = {
			isa = PBXVariantGroup;
			children = (
				D4FD6ADE275DDD2C00E115A6 /* Base */,
			);
			name = LaunchScreen.storyboard;
			sourceTree = "<group>";
		};
/* End PBXVariantGroup section */

/* Begin XCBuildConfiguration section */
		D46DF51327EE0365007B79ED /* Debug */ = {
			isa = XCBuildConfiguration;
			baseConfigurationReference = 653E1C069E89CEDB98091727 /* Pods-UnsplashPhotoTests.debug.xcconfig */;
			buildSettings = {
				BUNDLE_LOADER = "$(TEST_HOST)";
				CODE_SIGN_STYLE = Automatic;
				DEVELOPMENT_TEAM = M8Q4DXWNP5;
				HEADER_SEARCH_PATHS = (
					"$(inherited)",
					"$(SRCROOT)/Pods",
					"\"${PODS_CONFIGURATION_BUILD_DIR}/Nimble/Nimble.framework/Headers\"",
					"\"${PODS_CONFIGURATION_BUILD_DIR}/RxBlocking/RxBlocking.framework/Headers\"",
					"\"${PODS_CONFIGURATION_BUILD_DIR}/RxSwift/RxSwift.framework/Headers\"",
					"\"${PODS_CONFIGURATION_BUILD_DIR}/RxTest/RxTest.framework/Headers\"",
				);
				INFOPLIST_FILE = UnsplashPhotoTests/Info.plist;
				LD_RUNPATH_SEARCH_PATHS = (
					"$(inherited)",
					"@executable_path/Frameworks",
					"@loader_path/Frameworks",
				);
				PRODUCT_BUNDLE_IDENTIFIER = ronick.UnsplashPhotoTests;
				PRODUCT_NAME = "$(TARGET_NAME)";
				SWIFT_VERSION = 5.0;
				TARGETED_DEVICE_FAMILY = "1,2";
				TEST_HOST = "$(BUILT_PRODUCTS_DIR)/UnsplashPhoto.app/UnsplashPhoto";
			};
			name = Debug;
		};
		D46DF51427EE0365007B79ED /* Release */ = {
			isa = XCBuildConfiguration;
			baseConfigurationReference = 6130ECF886A200FF78372DAB /* Pods-UnsplashPhotoTests.release.xcconfig */;
			buildSettings = {
				BUNDLE_LOADER = "$(TEST_HOST)";
				CODE_SIGN_STYLE = Automatic;
				DEVELOPMENT_TEAM = M8Q4DXWNP5;
				HEADER_SEARCH_PATHS = (
					"$(inherited)",
					"$(SRCROOT)/Pods",
					"\"${PODS_CONFIGURATION_BUILD_DIR}/Nimble/Nimble.framework/Headers\"",
					"\"${PODS_CONFIGURATION_BUILD_DIR}/RxBlocking/RxBlocking.framework/Headers\"",
					"\"${PODS_CONFIGURATION_BUILD_DIR}/RxSwift/RxSwift.framework/Headers\"",
					"\"${PODS_CONFIGURATION_BUILD_DIR}/RxTest/RxTest.framework/Headers\"",
				);
				INFOPLIST_FILE = UnsplashPhotoTests/Info.plist;
				LD_RUNPATH_SEARCH_PATHS = (
					"$(inherited)",
					"@executable_path/Frameworks",
					"@loader_path/Frameworks",
				);
				PRODUCT_BUNDLE_IDENTIFIER = ronick.UnsplashPhotoTests;
				PRODUCT_NAME = "$(TARGET_NAME)";
				SWIFT_VERSION = 5.0;
				TARGETED_DEVICE_FAMILY = "1,2";
				TEST_HOST = "$(BUILT_PRODUCTS_DIR)/UnsplashPhoto.app/UnsplashPhoto";
			};
			name = Release;
		};
		D4FD6AE1275DDD2C00E115A6 /* Debug */ = {
			isa = XCBuildConfiguration;
			buildSettings = {
				ALWAYS_SEARCH_USER_PATHS = NO;
				CLANG_ANALYZER_NONNULL = YES;
				CLANG_ANALYZER_NUMBER_OBJECT_CONVERSION = YES_AGGRESSIVE;
				CLANG_CXX_LANGUAGE_STANDARD = "gnu++14";
				CLANG_CXX_LIBRARY = "libc++";
				CLANG_ENABLE_MODULES = YES;
				CLANG_ENABLE_OBJC_ARC = YES;
				CLANG_ENABLE_OBJC_WEAK = YES;
				CLANG_WARN_BLOCK_CAPTURE_AUTORELEASING = YES;
				CLANG_WARN_BOOL_CONVERSION = YES;
				CLANG_WARN_COMMA = YES;
				CLANG_WARN_CONSTANT_CONVERSION = YES;
				CLANG_WARN_DEPRECATED_OBJC_IMPLEMENTATIONS = YES;
				CLANG_WARN_DIRECT_OBJC_ISA_USAGE = YES_ERROR;
				CLANG_WARN_DOCUMENTATION_COMMENTS = YES;
				CLANG_WARN_EMPTY_BODY = YES;
				CLANG_WARN_ENUM_CONVERSION = YES;
				CLANG_WARN_INFINITE_RECURSION = YES;
				CLANG_WARN_INT_CONVERSION = YES;
				CLANG_WARN_NON_LITERAL_NULL_CONVERSION = YES;
				CLANG_WARN_OBJC_IMPLICIT_RETAIN_SELF = YES;
				CLANG_WARN_OBJC_LITERAL_CONVERSION = YES;
				CLANG_WARN_OBJC_ROOT_CLASS = YES_ERROR;
				CLANG_WARN_QUOTED_INCLUDE_IN_FRAMEWORK_HEADER = YES;
				CLANG_WARN_RANGE_LOOP_ANALYSIS = YES;
				CLANG_WARN_STRICT_PROTOTYPES = YES;
				CLANG_WARN_SUSPICIOUS_MOVE = YES;
				CLANG_WARN_UNGUARDED_AVAILABILITY = YES_AGGRESSIVE;
				CLANG_WARN_UNREACHABLE_CODE = YES;
				CLANG_WARN__DUPLICATE_METHOD_MATCH = YES;
				COPY_PHASE_STRIP = NO;
				DEBUG_INFORMATION_FORMAT = dwarf;
				ENABLE_STRICT_OBJC_MSGSEND = YES;
				ENABLE_TESTABILITY = YES;
				GCC_C_LANGUAGE_STANDARD = gnu11;
				GCC_DYNAMIC_NO_PIC = NO;
				GCC_NO_COMMON_BLOCKS = YES;
				GCC_OPTIMIZATION_LEVEL = 0;
				GCC_PREPROCESSOR_DEFINITIONS = (
					"DEBUG=1",
					"$(inherited)",
				);
				GCC_WARN_64_TO_32_BIT_CONVERSION = YES;
				GCC_WARN_ABOUT_RETURN_TYPE = YES_ERROR;
				GCC_WARN_UNDECLARED_SELECTOR = YES;
				GCC_WARN_UNINITIALIZED_AUTOS = YES_AGGRESSIVE;
				GCC_WARN_UNUSED_FUNCTION = YES;
				GCC_WARN_UNUSED_VARIABLE = YES;
				IPHONEOS_DEPLOYMENT_TARGET = 14.5;
				MTL_ENABLE_DEBUG_INFO = INCLUDE_SOURCE;
				MTL_FAST_MATH = YES;
				ONLY_ACTIVE_ARCH = YES;
				SDKROOT = iphoneos;
				SWIFT_ACTIVE_COMPILATION_CONDITIONS = DEBUG;
				SWIFT_OPTIMIZATION_LEVEL = "-Onone";
			};
			name = Debug;
		};
		D4FD6AE2275DDD2C00E115A6 /* Release */ = {
			isa = XCBuildConfiguration;
			buildSettings = {
				ALWAYS_SEARCH_USER_PATHS = NO;
				CLANG_ANALYZER_NONNULL = YES;
				CLANG_ANALYZER_NUMBER_OBJECT_CONVERSION = YES_AGGRESSIVE;
				CLANG_CXX_LANGUAGE_STANDARD = "gnu++14";
				CLANG_CXX_LIBRARY = "libc++";
				CLANG_ENABLE_MODULES = YES;
				CLANG_ENABLE_OBJC_ARC = YES;
				CLANG_ENABLE_OBJC_WEAK = YES;
				CLANG_WARN_BLOCK_CAPTURE_AUTORELEASING = YES;
				CLANG_WARN_BOOL_CONVERSION = YES;
				CLANG_WARN_COMMA = YES;
				CLANG_WARN_CONSTANT_CONVERSION = YES;
				CLANG_WARN_DEPRECATED_OBJC_IMPLEMENTATIONS = YES;
				CLANG_WARN_DIRECT_OBJC_ISA_USAGE = YES_ERROR;
				CLANG_WARN_DOCUMENTATION_COMMENTS = YES;
				CLANG_WARN_EMPTY_BODY = YES;
				CLANG_WARN_ENUM_CONVERSION = YES;
				CLANG_WARN_INFINITE_RECURSION = YES;
				CLANG_WARN_INT_CONVERSION = YES;
				CLANG_WARN_NON_LITERAL_NULL_CONVERSION = YES;
				CLANG_WARN_OBJC_IMPLICIT_RETAIN_SELF = YES;
				CLANG_WARN_OBJC_LITERAL_CONVERSION = YES;
				CLANG_WARN_OBJC_ROOT_CLASS = YES_ERROR;
				CLANG_WARN_QUOTED_INCLUDE_IN_FRAMEWORK_HEADER = YES;
				CLANG_WARN_RANGE_LOOP_ANALYSIS = YES;
				CLANG_WARN_STRICT_PROTOTYPES = YES;
				CLANG_WARN_SUSPICIOUS_MOVE = YES;
				CLANG_WARN_UNGUARDED_AVAILABILITY = YES_AGGRESSIVE;
				CLANG_WARN_UNREACHABLE_CODE = YES;
				CLANG_WARN__DUPLICATE_METHOD_MATCH = YES;
				COPY_PHASE_STRIP = NO;
				DEBUG_INFORMATION_FORMAT = "dwarf-with-dsym";
				ENABLE_NS_ASSERTIONS = NO;
				ENABLE_STRICT_OBJC_MSGSEND = YES;
				GCC_C_LANGUAGE_STANDARD = gnu11;
				GCC_NO_COMMON_BLOCKS = YES;
				GCC_WARN_64_TO_32_BIT_CONVERSION = YES;
				GCC_WARN_ABOUT_RETURN_TYPE = YES_ERROR;
				GCC_WARN_UNDECLARED_SELECTOR = YES;
				GCC_WARN_UNINITIALIZED_AUTOS = YES_AGGRESSIVE;
				GCC_WARN_UNUSED_FUNCTION = YES;
				GCC_WARN_UNUSED_VARIABLE = YES;
				IPHONEOS_DEPLOYMENT_TARGET = 14.5;
				MTL_ENABLE_DEBUG_INFO = NO;
				MTL_FAST_MATH = YES;
				SDKROOT = iphoneos;
				SWIFT_COMPILATION_MODE = wholemodule;
				SWIFT_OPTIMIZATION_LEVEL = "-O";
				VALIDATE_PRODUCT = YES;
			};
			name = Release;
		};
		D4FD6AE4275DDD2C00E115A6 /* Debug */ = {
			isa = XCBuildConfiguration;
			baseConfigurationReference = 9C17220FF0D90FDC5314A72D /* Pods-UnsplashPhoto.debug.xcconfig */;
			buildSettings = {
				ASSETCATALOG_COMPILER_APPICON_NAME = AppIcon;
				ASSETCATALOG_COMPILER_GLOBAL_ACCENT_COLOR_NAME = AccentColor;
				CODE_SIGN_STYLE = Automatic;
				DEVELOPMENT_TEAM = M8Q4DXWNP5;
				HEADER_SEARCH_PATHS = (
					"$(inherited)",
					"\"${PODS_CONFIGURATION_BUILD_DIR}/RxCocoa/RxCocoa.framework/Headers\"",
					"\"${PODS_CONFIGURATION_BUILD_DIR}/RxRelay/RxRelay.framework/Headers\"",
					"\"${PODS_CONFIGURATION_BUILD_DIR}/RxSwift/RxSwift.framework/Headers\"",
					"\"${PODS_CONFIGURATION_BUILD_DIR}/SnapKit/SnapKit.framework/Headers\"",
				);
				INFOPLIST_FILE = UnsplashPhoto/Info.plist;
				LD_RUNPATH_SEARCH_PATHS = (
					"$(inherited)",
					"@executable_path/Frameworks",
				);
				PRODUCT_BUNDLE_IDENTIFIER = ronick.UnsplashPhotoApp;
				PRODUCT_NAME = "$(TARGET_NAME)";
				SWIFT_VERSION = 5.0;
				TARGETED_DEVICE_FAMILY = "1,2";
			};
			name = Debug;
		};
		D4FD6AE5275DDD2C00E115A6 /* Release */ = {
			isa = XCBuildConfiguration;
			baseConfigurationReference = CCD5B6BAC76E1D208318090A /* Pods-UnsplashPhoto.release.xcconfig */;
			buildSettings = {
				ASSETCATALOG_COMPILER_APPICON_NAME = AppIcon;
				ASSETCATALOG_COMPILER_GLOBAL_ACCENT_COLOR_NAME = AccentColor;
				CODE_SIGN_STYLE = Automatic;
				DEVELOPMENT_TEAM = M8Q4DXWNP5;
				HEADER_SEARCH_PATHS = (
					"$(inherited)",
					"\"${PODS_CONFIGURATION_BUILD_DIR}/RxCocoa/RxCocoa.framework/Headers\"",
					"\"${PODS_CONFIGURATION_BUILD_DIR}/RxRelay/RxRelay.framework/Headers\"",
					"\"${PODS_CONFIGURATION_BUILD_DIR}/RxSwift/RxSwift.framework/Headers\"",
					"\"${PODS_CONFIGURATION_BUILD_DIR}/SnapKit/SnapKit.framework/Headers\"",
				);
				INFOPLIST_FILE = UnsplashPhoto/Info.plist;
				LD_RUNPATH_SEARCH_PATHS = (
					"$(inherited)",
					"@executable_path/Frameworks",
				);
				PRODUCT_BUNDLE_IDENTIFIER = ronick.UnsplashPhotoApp;
				PRODUCT_NAME = "$(TARGET_NAME)";
				SWIFT_VERSION = 5.0;
				TARGETED_DEVICE_FAMILY = "1,2";
			};
			name = Release;
		};
/* End XCBuildConfiguration section */

/* Begin XCConfigurationList section */
		D46DF51227EE0365007B79ED /* Build configuration list for PBXNativeTarget "UnsplashPhotoTests" */ = {
			isa = XCConfigurationList;
			buildConfigurations = (
				D46DF51327EE0365007B79ED /* Debug */,
				D46DF51427EE0365007B79ED /* Release */,
			);
			defaultConfigurationIsVisible = 0;
			defaultConfigurationName = Release;
		};
		D4FD6ACA275DDD2A00E115A6 /* Build configuration list for PBXProject "UnsplashPhoto" */ = {
			isa = XCConfigurationList;
			buildConfigurations = (
				D4FD6AE1275DDD2C00E115A6 /* Debug */,
				D4FD6AE2275DDD2C00E115A6 /* Release */,
			);
			defaultConfigurationIsVisible = 0;
			defaultConfigurationName = Release;
		};
		D4FD6AE3275DDD2C00E115A6 /* Build configuration list for PBXNativeTarget "UnsplashPhoto" */ = {
			isa = XCConfigurationList;
			buildConfigurations = (
				D4FD6AE4275DDD2C00E115A6 /* Debug */,
				D4FD6AE5275DDD2C00E115A6 /* Release */,
			);
			defaultConfigurationIsVisible = 0;
			defaultConfigurationName = Release;
		};
/* End XCConfigurationList section */
	};
	rootObject = D4FD6AC7275DDD2A00E115A6 /* Project object */;
}
